
Microsoft Visual Studio Solution File, Format Version 12.00
# Visual Studio Version 16
VisualStudioVersion = 16.0.30309.148
MinimumVisualStudioVersion = 10.0.40219.1
Project("{9A19103F-16F7-4668-BE54-9A1E7A4F7556}") = "TasalHousing.web", "TasalHousing.web.csproj", "{1581C369-EE25-4586-ADB0-AE40C1AE660E}"
EndProject
Project("{9A19103F-16F7-4668-BE54-9A1E7A4F7556}") = "TasalHousing.Data", "..\TasalHousing.Data\TasalHousing.Data.csproj", "{AA669635-40F4-4291-B81D-558F5F014A58}"
EndProject
Global
	GlobalSection(SolutionConfigurationPlatforms) = preSolution
		Debug|Any CPU = Debug|Any CPU
		Release|Any CPU = Release|Any CPU
	EndGlobalSection
	GlobalSection(ProjectConfigurationPlatforms) = postSolution
		{1581C369-EE25-4586-ADB0-AE40C1AE660E}.Debug|Any CPU.ActiveCfg = Debug|Any CPU
		{1581C369-EE25-4586-ADB0-AE40C1AE660E}.Debug|Any CPU.Build.0 = Debug|Any CPU
		{1581C369-EE25-4586-ADB0-AE40C1AE660E}.Release|Any CPU.ActiveCfg = Release|Any CPU
		{1581C369-EE25-4586-ADB0-AE40C1AE660E}.Release|Any CPU.Build.0 = Release|Any CPU
		{AA669635-40F4-4291-B81D-558F5F014A58}.Debug|Any CPU.ActiveCfg = Debug|Any CPU
		{AA669635-40F4-4291-B81D-558F5F014A58}.Debug|Any CPU.Build.0 = Debug|Any CPU
		{AA669635-40F4-4291-B81D-558F5F014A58}.Release|Any CPU.ActiveCfg = Release|Any CPU
		{AA669635-40F4-4291-B81D-558F5F014A58}.Release|Any CPU.Build.0 = Release|Any CPU
	EndGlobalSection
	GlobalSection(SolutionProperties) = preSolution
		HideSolutionNode = FALSE
	EndGlobalSection
	GlobalSection(ExtensibilityGlobals) = postSolution
		SolutionGuid = {1CDC5EAA-9A3A-4F26-8A30-0ACB4647410D}
	EndGlobalSection
EndGlobal
